
Microsoft Visual Studio Solution File, Format Version 12.00
# Visual Studio 15
VisualStudioVersion = 15.0.27004.2008
MinimumVisualStudioVersion = 10.0.40219.1
Project("{9A19103F-16F7-4668-BE54-9A1E7A4F7556}") = "actordb-net", "src\actordb-net.csproj", "{7DD5D64C-54D7-45F4-8CC2-73914F48ADE8}"
EndProject
Project("{2150E333-8FDC-42A3-9474-1A3956D46DE8}") = "Solution Items", "Solution Items", "{138121DC-9F78-483B-AA18-0254960B2CB1}"
	ProjectSection(SolutionItems) = preProject
		lib\adbt.thrift = lib\adbt.thrift
		LICENSE = LICENSE
		README.md = README.md
	EndProjectSection
EndProject
Project("{9A19103F-16F7-4668-BE54-9A1E7A4F7556}") = "actordb-net.UnitTests", "test\actordb-net.UnitTests\actordb-net.UnitTests.csproj", "{6A30EAC6-31B9-43F6-A084-23B51F2ACB8D}"
EndProject
Global
	GlobalSection(SolutionConfigurationPlatforms) = preSolution
		Debug|Any CPU = Debug|Any CPU
		Release|Any CPU = Release|Any CPU
	EndGlobalSection
	GlobalSection(ProjectConfigurationPlatforms) = postSolution
		{7DD5D64C-54D7-45F4-8CC2-73914F48ADE8}.Debug|Any CPU.ActiveCfg = Debug|Any CPU
		{7DD5D64C-54D7-45F4-8CC2-73914F48ADE8}.Debug|Any CPU.Build.0 = Debug|Any CPU
		{7DD5D64C-54D7-45F4-8CC2-73914F48ADE8}.Release|Any CPU.ActiveCfg = Release|Any CPU
		{7DD5D64C-54D7-45F4-8CC2-73914F48ADE8}.Release|Any CPU.Build.0 = Release|Any CPU
		{6A30EAC6-31B9-43F6-A084-23B51F2ACB8D}.Debug|Any CPU.ActiveCfg = Debug|Any CPU
		{6A30EAC6-31B9-43F6-A084-23B51F2ACB8D}.Debug|Any CPU.Build.0 = Debug|Any CPU
		{6A30EAC6-31B9-43F6-A084-23B51F2ACB8D}.Release|Any CPU.ActiveCfg = Release|Any CPU
		{6A30EAC6-31B9-43F6-A084-23B51F2ACB8D}.Release|Any CPU.Build.0 = Release|Any CPU
	EndGlobalSection
	GlobalSection(SolutionProperties) = preSolution
		HideSolutionNode = FALSE
	EndGlobalSection
	GlobalSection(ExtensibilityGlobals) = postSolution
		SolutionGuid = {58256645-8C23-4033-A0AA-B5A076580B5E}
	EndGlobalSection
EndGlobal
